{
  "nodes": {
    "nixpkgs": {
      "locked": {
        "lastModified": 1788405554,
        "narHash": "sha256-r2f1oUwixlgq9zOdYLqJLfS/lWBT60/IITjhTKI59JU=",
        "owner": "NixOS",
        "repo": "nixpkgs",
        "rev": "a5cc6f2c37bf518436dc8d1c288ccd0c43c2f4c4",
        "type": "github"
      },
      "original": {
        "owner": "NixOS",
        "ref": "nixos-26.05",
        "repo": "nixpkgs",
        "type": "github"
      }
    },
    "root": {
      "inputs": {
        "nixpkgs": [
          "veir",
          "nixpkgs"
        ],
        "veir": "veir"
      }
    },
    "veir": {
      "inputs": {
        "nixpkgs": "nixpkgs"
      },
      "locked": {
        "lastModified": 1790792443,
        "narHash": "sha256-f7upAThdiCuZUnIvcHzE42Ft48nvOcCBeaS2zM58BFw=",
        "owner": "opencompl",
        "repo": "veir",
        "rev": "da8b5b3bd5df0d96af226c47d0e5550d38941f72",
        "type": "github"
      },
      "original": {
        "owner": "opencompl",
        "repo": "veir",
        "type": "github"
      }
    }
  },
  "root": "root",
  "version": 7
}
